{
  "name": "SuperMap",
  "lockfileVersion": 3,
  "requires": true,
  "packages": {
    "": {
      "dependencies": {
        "osmbuildings": "^0.2.0-b"
      }
    },
    "node_modules/osmbuildings": {
      "version": "0.2.0-b",
      "resolved": "https://registry.npmjs.org/osmbuildings/-/osmbuildings-0.2.0-b.tgz",
      "integrity": "sha512-jq+pCNbj4/ivMGWVdojuruRzUgO/3sZD3vzvm5eDSz/3EkTgr0rJ9LwsnUhiI3ArluZigT70h0yPlgAAhTwYQQ=="
    }
  }
}
